
Microsoft Visual Studio Solution File, Format Version 12.00
# Visual Studio Version 17
VisualStudioVersion = 17.8.34330.188
MinimumVisualStudioVersion = 10.0.40219.1
Project("{FAE04EC0-301F-11D3-BF4B-00C04F79EFBC}") = "Prodapt.CSharp", "Prodapt.CSharp\Prodapt.CSharp.csproj", "{FDAF9B8F-1C9A-440A-A5BF-6ECAAF5AB012}"
EndProject
Project("{FAE04EC0-301F-11D3-BF4B-00C04F79EFBC}") = "Prodapt.Github", "Prodapt.Github\Prodapt.Github.csproj", "{661AA537-E541-4BC9-8104-0581DB01C498}"
EndProject
Global
	GlobalSection(SolutionConfigurationPlatforms) = preSolution
		Debug|Any CPU = Debug|Any CPU
		Release|Any CPU = Release|Any CPU
	EndGlobalSection
	GlobalSection(ProjectConfigurationPlatforms) = postSolution
		{FDAF9B8F-1C9A-440A-A5BF-6ECAAF5AB012}.Debug|Any CPU.ActiveCfg = Debug|Any CPU
		{FDAF9B8F-1C9A-440A-A5BF-6ECAAF5AB012}.Debug|Any CPU.Build.0 = Debug|Any CPU
		{FDAF9B8F-1C9A-440A-A5BF-6ECAAF5AB012}.Release|Any CPU.ActiveCfg = Release|Any CPU
		{FDAF9B8F-1C9A-440A-A5BF-6ECAAF5AB012}.Release|Any CPU.Build.0 = Release|Any CPU
		{661AA537-E541-4BC9-8104-0581DB01C498}.Debug|Any CPU.ActiveCfg = Debug|Any CPU
		{661AA537-E541-4BC9-8104-0581DB01C498}.Debug|Any CPU.Build.0 = Debug|Any CPU
		{661AA537-E541-4BC9-8104-0581DB01C498}.Release|Any CPU.ActiveCfg = Release|Any CPU
		{661AA537-E541-4BC9-8104-0581DB01C498}.Release|Any CPU.Build.0 = Release|Any CPU
	EndGlobalSection
	GlobalSection(SolutionProperties) = preSolution
		HideSolutionNode = FALSE
	EndGlobalSection
	GlobalSection(ExtensibilityGlobals) = postSolution
		SolutionGuid = {63D51177-EA3F-411E-9FF2-C41FB3CFEE39}
	EndGlobalSection
EndGlobal
